// !$*UTF8*$!
{
	archiveVersion = 1;
	classes = {
	};
	objectVersion = 46;
	objects = {

/* Begin PBXBuildFile section */
		42463BB7D08325784B5DA0C7 /* Pods_CUCollectionViewTest1.framework in Frameworks */ = {isa = PBXBuildFile; fileRef = BC88F3FBFE297143E6BE2496 /* Pods_CUCollectionViewTest1.framework */; };
		BA42008A1F8BB79D00D6FED6 /* CustomAlignedCellFlowLayout.swift in Sources */ = {isa = PBXBuildFile; fileRef = BA4200891F8BB79D00D6FED6 /* CustomAlignedCellFlowLayout.swift */; };
		BA6A65B01F8CC87A00E0D54E /* PacketSectionView.swift in Sources */ = {isa = PBXBuildFile; fileRef = BA6A65AE1F8CC87A00E0D54E /* PacketSectionView.swift */; };
		BA6A65B11F8CC87A00E0D54E /* PacketSectionView.xib in Resources */ = {isa = PBXBuildFile; fileRef = BA6A65AF1F8CC87A00E0D54E /* PacketSectionView.xib */; };
		BA6A65B41F8CE75A00E0D54E /* PacketDecorationView.swift in Sources */ = {isa = PBXBuildFile; fileRef = BA6A65B21F8CE75A00E0D54E /* PacketDecorationView.swift */; };
		BA6A65B51F8CE75A00E0D54E /* PacketDecorationView.xib in Resources */ = {isa = PBXBuildFile; fileRef = BA6A65B31F8CE75A00E0D54E /* PacketDecorationView.xib */; };
		BADB29601F861495007F8851 /* AppDelegate.swift in Sources */ = {isa = PBXBuildFile; fileRef = BADB295F1F861495007F8851 /* AppDelegate.swift */; };
		BADB29621F861495007F8851 /* ViewController.swift in Sources */ = {isa = PBXBuildFile; fileRef = BADB29611F861495007F8851 /* ViewController.swift */; };
		BADB29651F861495007F8851 /* Main.storyboard in Resources */ = {isa = PBXBuildFile; fileRef = BADB29631F861495007F8851 /* Main.storyboard */; };
		BADB29671F861495007F8851 /* Assets.xcassets in Resources */ = {isa = PBXBuildFile; fileRef = BADB29661F861495007F8851 /* Assets.xcassets */; };
		BADB296A1F861495007F8851 /* LaunchScreen.storyboard in Resources */ = {isa = PBXBuildFile; fileRef = BADB29681F861495007F8851 /* LaunchScreen.storyboard */; };
		BADB29761F8615E0007F8851 /* data.json in Resources */ = {isa = PBXBuildFile; fileRef = BADB29721F8615E0007F8851 /* data.json */; };
		BADB29771F8615E0007F8851 /* data1.json in Resources */ = {isa = PBXBuildFile; fileRef = BADB29731F8615E0007F8851 /* data1.json */; };
		BADB29781F8615E0007F8851 /* layout.json in Resources */ = {isa = PBXBuildFile; fileRef = BADB29741F8615E0007F8851 /* layout.json */; };
		BADB29791F8615E0007F8851 /* layout1.json in Resources */ = {isa = PBXBuildFile; fileRef = BADB29751F8615E0007F8851 /* layout1.json */; };
		BADB297C1F86160F007F8851 /* FileReader.swift in Sources */ = {isa = PBXBuildFile; fileRef = BADB297B1F86160F007F8851 /* FileReader.swift */; };
		BADB29801F861644007F8851 /* WidgetCollectionViewCell.swift in Sources */ = {isa = PBXBuildFile; fileRef = BADB297E1F861644007F8851 /* WidgetCollectionViewCell.swift */; };
		BADB29811F861644007F8851 /* WidgetCollectionViewCell.xib in Resources */ = {isa = PBXBuildFile; fileRef = BADB297F1F861644007F8851 /* WidgetCollectionViewCell.xib */; };
		BADB29861F861696007F8851 /* layout.swift in Sources */ = {isa = PBXBuildFile; fileRef = BADB29851F861696007F8851 /* layout.swift */; };
		BADB29881F8616A1007F8851 /* WidgetData.swift in Sources */ = {isa = PBXBuildFile; fileRef = BADB29871F8616A1007F8851 /* WidgetData.swift */; };
		BADB298B1F86184D007F8851 /* DataStore.swift in Sources */ = {isa = PBXBuildFile; fileRef = BADB298A1F86184D007F8851 /* DataStore.swift */; };
		BADB29931F86264F007F8851 /* BotChatCollectionViewCell.swift in Sources */ = {isa = PBXBuildFile; fileRef = BADB29911F86264F007F8851 /* BotChatCollectionViewCell.swift */; };
		BADB29941F86264F007F8851 /* BotChatCollectionViewCell.xib in Resources */ = {isa = PBXBuildFile; fileRef = BADB29921F86264F007F8851 /* BotChatCollectionViewCell.xib */; };
		BADB29971F86265E007F8851 /* UserChatCollectionViewCell.swift in Sources */ = {isa = PBXBuildFile; fileRef = BADB29951F86265E007F8851 /* UserChatCollectionViewCell.swift */; };
		BADB29981F86265E007F8851 /* UserChatCollectionViewCell.xib in Resources */ = {isa = PBXBuildFile; fileRef = BADB29961F86265E007F8851 /* UserChatCollectionViewCell.xib */; };
		BADB299A1F8626FB007F8851 /* CollectionViewDelegate.swift in Sources */ = {isa = PBXBuildFile; fileRef = BADB29991F8626FB007F8851 /* CollectionViewDelegate.swift */; };
/* End PBXBuildFile section */

/* Begin PBXFileReference section */
		6D347C187C6D620A4BC14731 /* Pods-CUCollectionViewTest1.release.xcconfig */ = {isa = PBXFileReference; includeInIndex = 1; lastKnownFileType = text.xcconfig; name = "Pods-CUCollectionViewTest1.release.xcconfig"; path = "Pods/Target Support Files/Pods-CUCollectionViewTest1/Pods-CUCollectionViewTest1.release.xcconfig"; sourceTree = "<group>"; };
		6E1FCF508F79299529082E7F /* Pods-CUCollectionViewTest1.debug.xcconfig */ = {isa = PBXFileReference; includeInIndex = 1; lastKnownFileType = text.xcconfig; name = "Pods-CUCollectionViewTest1.debug.xcconfig"; path = "Pods/Target Support Files/Pods-CUCollectionViewTest1/Pods-CUCollectionViewTest1.debug.xcconfig"; sourceTree = "<group>"; };
		BA4200891F8BB79D00D6FED6 /* CustomAlignedCellFlowLayout.swift */ = {isa = PBXFileReference; lastKnownFileType = sourcecode.swift; path = CustomAlignedCellFlowLayout.swift; sourceTree = "<group>"; };
		BA6A65AE1F8CC87A00E0D54E /* PacketSectionView.swift */ = {isa = PBXFileReference; lastKnownFileType = sourcecode.swift; path = PacketSectionView.swift; sourceTree = "<group>"; };
		BA6A65AF1F8CC87A00E0D54E /* PacketSectionView.xib */ = {isa = PBXFileReference; lastKnownFileType = file.xib; path = PacketSectionView.xib; sourceTree = "<group>"; };
		BA6A65B21F8CE75A00E0D54E /* PacketDecorationView.swift */ = {isa = PBXFileReference; lastKnownFileType = sourcecode.swift; path = PacketDecorationView.swift; sourceTree = "<group>"; };
		BA6A65B31F8CE75A00E0D54E /* PacketDecorationView.xib */ = {isa = PBXFileReference; lastKnownFileType = file.xib; path = PacketDecorationView.xib; sourceTree = "<group>"; };
		BADB295C1F861495007F8851 /* CUCollectionViewTest1.app */ = {isa = PBXFileReference; explicitFileType = wrapper.application; includeInIndex = 0; path = CUCollectionViewTest1.app; sourceTree = BUILT_PRODUCTS_DIR; };
		BADB295F1F861495007F8851 /* AppDelegate.swift */ = {isa = PBXFileReference; lastKnownFileType = sourcecode.swift; path = AppDelegate.swift; sourceTree = "<group>"; };
		BADB29611F861495007F8851 /* ViewController.swift */ = {isa = PBXFileReference; lastKnownFileType = sourcecode.swift; path = ViewController.swift; sourceTree = "<group>"; };
		BADB29641F861495007F8851 /* Base */ = {isa = PBXFileReference; lastKnownFileType = file.storyboard; name = Base; path = Base.lproj/Main.storyboard; sourceTree = "<group>"; };
		BADB29661F861495007F8851 /* Assets.xcassets */ = {isa = PBXFileReference; lastKnownFileType = folder.assetcatalog; path = Assets.xcassets; sourceTree = "<group>"; };
		BADB29691F861495007F8851 /* Base */ = {isa = PBXFileReference; lastKnownFileType = file.storyboard; name = Base; path = Base.lproj/LaunchScreen.storyboard; sourceTree = "<group>"; };
		BADB296B1F861495007F8851 /* Info.plist */ = {isa = PBXFileReference; lastKnownFileType = text.plist.xml; path = Info.plist; sourceTree = "<group>"; };
		BADB29721F8615E0007F8851 /* data.json */ = {isa = PBXFileReference; fileEncoding = 4; lastKnownFileType = text.json; path = data.json; sourceTree = "<group>"; };
		BADB29731F8615E0007F8851 /* data1.json */ = {isa = PBXFileReference; fileEncoding = 4; lastKnownFileType = text.json; path = data1.json; sourceTree = "<group>"; };
		BADB29741F8615E0007F8851 /* layout.json */ = {isa = PBXFileReference; fileEncoding = 4; lastKnownFileType = text.json; path = layout.json; sourceTree = "<group>"; };
		BADB29751F8615E0007F8851 /* layout1.json */ = {isa = PBXFileReference; fileEncoding = 4; lastKnownFileType = text.json; path = layout1.json; sourceTree = "<group>"; };
		BADB297B1F86160F007F8851 /* FileReader.swift */ = {isa = PBXFileReference; fileEncoding = 4; lastKnownFileType = sourcecode.swift; path = FileReader.swift; sourceTree = "<group>"; };
		BADB297E1F861644007F8851 /* WidgetCollectionViewCell.swift */ = {isa = PBXFileReference; fileEncoding = 4; lastKnownFileType = sourcecode.swift; path = WidgetCollectionViewCell.swift; sourceTree = "<group>"; };
		BADB297F1F861644007F8851 /* WidgetCollectionViewCell.xib */ = {isa = PBXFileReference; fileEncoding = 4; lastKnownFileType = file.xib; path = WidgetCollectionViewCell.xib; sourceTree = "<group>"; };
		BADB29851F861696007F8851 /* layout.swift */ = {isa = PBXFileReference; fileEncoding = 4; lastKnownFileType = sourcecode.swift; path = layout.swift; sourceTree = "<group>"; };
		BADB29871F8616A1007F8851 /* WidgetData.swift */ = {isa = PBXFileReference; fileEncoding = 4; lastKnownFileType = sourcecode.swift; path = WidgetData.swift; sourceTree = "<group>"; };
		BADB298A1F86184D007F8851 /* DataStore.swift */ = {isa = PBXFileReference; fileEncoding = 4; lastKnownFileType = sourcecode.swift; path = DataStore.swift; sourceTree = "<group>"; };
		BADB29911F86264F007F8851 /* BotChatCollectionViewCell.swift */ = {isa = PBXFileReference; fileEncoding = 4; lastKnownFileType = sourcecode.swift; path = BotChatCollectionViewCell.swift; sourceTree = "<group>"; };
		BADB29921F86264F007F8851 /* BotChatCollectionViewCell.xib */ = {isa = PBXFileReference; fileEncoding = 4; lastKnownFileType = file.xib; path = BotChatCollectionViewCell.xib; sourceTree = "<group>"; };
		BADB29951F86265E007F8851 /* UserChatCollectionViewCell.swift */ = {isa = PBXFileReference; fileEncoding = 4; lastKnownFileType = sourcecode.swift; path = UserChatCollectionViewCell.swift; sourceTree = "<group>"; };
		BADB29961F86265E007F8851 /* UserChatCollectionViewCell.xib */ = {isa = PBXFileReference; fileEncoding = 4; lastKnownFileType = file.xib; path = UserChatCollectionViewCell.xib; sourceTree = "<group>"; };
		BADB29991F8626FB007F8851 /* CollectionViewDelegate.swift */ = {isa = PBXFileReference; fileEncoding = 4; lastKnownFileType = sourcecode.swift; path = CollectionViewDelegate.swift; sourceTree = "<group>"; };
		BC88F3FBFE297143E6BE2496 /* Pods_CUCollectionViewTest1.framework */ = {isa = PBXFileReference; explicitFileType = wrapper.framework; includeInIndex = 0; path = Pods_CUCollectionViewTest1.framework; sourceTree = BUILT_PRODUCTS_DIR; };
/* End PBXFileReference section */

/* Begin PBXFrameworksBuildPhase section */
		BADB29591F861495007F8851 /* Frameworks */ = {
			isa = PBXFrameworksBuildPhase;
			buildActionMask = 2147483647;
			files = (
				42463BB7D08325784B5DA0C7 /* Pods_CUCollectionViewTest1.framework in Frameworks */,
			);
			runOnlyForDeploymentPostprocessing = 0;
		};
/* End PBXFrameworksBuildPhase section */

/* Begin PBXGroup section */
		30DEB515AA0755852A0B8505 /* Pods */ = {
			isa = PBXGroup;
			children = (
				6E1FCF508F79299529082E7F /* Pods-CUCollectionViewTest1.debug.xcconfig */,
				6D347C187C6D620A4BC14731 /* Pods-CUCollectionViewTest1.release.xcconfig */,
			);
			name = Pods;
			sourceTree = "<group>";
		};
		9E4B57346A40A9241D71324E /* Frameworks */ = {
			isa = PBXGroup;
			children = (
				BC88F3FBFE297143E6BE2496 /* Pods_CUCollectionViewTest1.framework */,
			);
			name = Frameworks;
			sourceTree = "<group>";
		};
		BA4200861F8B7C8700D6FED6 /* CollectionViewCusotmLayout */ = {
			isa = PBXGroup;
			children = (
				BA4200891F8BB79D00D6FED6 /* CustomAlignedCellFlowLayout.swift */,
			);
			name = CollectionViewCusotmLayout;
			sourceTree = "<group>";
		};
		BA6A65AD1F8CC84000E0D54E /* CollectionViewSection */ = {
			isa = PBXGroup;
			children = (
				BA6A65AE1F8CC87A00E0D54E /* PacketSectionView.swift */,
				BA6A65AF1F8CC87A00E0D54E /* PacketSectionView.xib */,
				BA6A65B21F8CE75A00E0D54E /* PacketDecorationView.swift */,
				BA6A65B31F8CE75A00E0D54E /* PacketDecorationView.xib */,
			);
			name = CollectionViewSection;
			sourceTree = "<group>";
		};
		BADB29531F861494007F8851 = {
			isa = PBXGroup;
			children = (
				BADB295E1F861495007F8851 /* CUCollectionViewTest1 */,
				BADB295D1F861495007F8851 /* Products */,
				30DEB515AA0755852A0B8505 /* Pods */,
				9E4B57346A40A9241D71324E /* Frameworks */,
			);
			sourceTree = "<group>";
		};
		BADB295D1F861495007F8851 /* Products */ = {
			isa = PBXGroup;
			children = (
				BADB295C1F861495007F8851 /* CUCollectionViewTest1.app */,
			);
			name = Products;
			sourceTree = "<group>";
		};
		BADB295E1F861495007F8851 /* CUCollectionViewTest1 */ = {
			isa = PBXGroup;
			children = (
				BA6A65AD1F8CC84000E0D54E /* CollectionViewSection */,
				BA4200861F8B7C8700D6FED6 /* CollectionViewCusotmLayout */,
				BADB298C1F86260F007F8851 /* CollectionDelegate */,
				BADB297D1F861623007F8851 /* CollectionViewCell */,
				BADB29891F8617F3007F8851 /* DataStore */,
				BADB29821F861664007F8851 /* JsonMapper */,
				BADB297A1F8615E8007F8851 /* FileReader */,
				BADB29711F86155E007F8851 /* ExternalFileData */,
				BADB295F1F861495007F8851 /* AppDelegate.swift */,
				BADB29611F861495007F8851 /* ViewController.swift */,
				BADB29631F861495007F8851 /* Main.storyboard */,
				BADB29661F861495007F8851 /* Assets.xcassets */,
				BADB29681F861495007F8851 /* LaunchScreen.storyboard */,
				BADB296B1F861495007F8851 /* Info.plist */,
			);
			path = CUCollectionViewTest1;
			sourceTree = "<group>";
		};
		BADB29711F86155E007F8851 /* ExternalFileData */ = {
			isa = PBXGroup;
			children = (
				BADB29721F8615E0007F8851 /* data.json */,
				BADB29741F8615E0007F8851 /* layout.json */,
				BADB29731F8615E0007F8851 /* data1.json */,
				BADB29751F8615E0007F8851 /* layout1.json */,
			);
			name = ExternalFileData;
			sourceTree = "<group>";
		};
		BADB297A1F8615E8007F8851 /* FileReader */ = {
			isa = PBXGroup;
			children = (
				BADB297B1F86160F007F8851 /* FileReader.swift */,
			);
			name = FileReader;
			sourceTree = "<group>";
		};
		BADB297D1F861623007F8851 /* CollectionViewCell */ = {
			isa = PBXGroup;
			children = (
				BADB297E1F861644007F8851 /* WidgetCollectionViewCell.swift */,
				BADB297F1F861644007F8851 /* WidgetCollectionViewCell.xib */,
				BADB29911F86264F007F8851 /* BotChatCollectionViewCell.swift */,
				BADB29921F86264F007F8851 /* BotChatCollectionViewCell.xib */,
				BADB29951F86265E007F8851 /* UserChatCollectionViewCell.swift */,
				BADB29961F86265E007F8851 /* UserChatCollectionViewCell.xib */,
			);
			name = CollectionViewCell;
			sourceTree = "<group>";
		};
		BADB29821F861664007F8851 /* JsonMapper */ = {
			isa = PBXGroup;
			children = (
				BADB29841F86167C007F8851 /* LayoutData */,
				BADB29831F861673007F8851 /* WidgetData */,
			);
			name = JsonMapper;
			sourceTree = "<group>";
		};
		BADB29831F861673007F8851 /* WidgetData */ = {
			isa = PBXGroup;
			children = (
				BADB29871F8616A1007F8851 /* WidgetData.swift */,
			);
			name = WidgetData;
			sourceTree = "<group>";
		};
		BADB29841F86167C007F8851 /* LayoutData */ = {
			isa = PBXGroup;
			children = (
				BADB29851F861696007F8851 /* layout.swift */,
			);
			name = LayoutData;
			sourceTree = "<group>";
		};
		BADB29891F8617F3007F8851 /* DataStore */ = {
			isa = PBXGroup;
			children = (
				BADB298A1F86184D007F8851 /* DataStore.swift */,
			);
			name = DataStore;
			sourceTree = "<group>";
		};
		BADB298C1F86260F007F8851 /* CollectionDelegate */ = {
			isa = PBXGroup;
			children = (
				BADB29991F8626FB007F8851 /* CollectionViewDelegate.swift */,
			);
			name = CollectionDelegate;
			sourceTree = "<group>";
		};
/* End PBXGroup section */

/* Begin PBXNativeTarget section */
		BADB295B1F861495007F8851 /* CUCollectionViewTest1 */ = {
			isa = PBXNativeTarget;
			buildConfigurationList = BADB296E1F861495007F8851 /* Build configuration list for PBXNativeTarget "CUCollectionViewTest1" */;
			buildPhases = (
				8B84C5B6A7AA21D6A671E91C /* [CP] Check Pods Manifest.lock */,
				BADB29581F861495007F8851 /* Sources */,
				BADB29591F861495007F8851 /* Frameworks */,
				BADB295A1F861495007F8851 /* Resources */,
				E45EA43E10A86C0C6FE0623E /* [CP] Embed Pods Frameworks */,
				3F93FF4071A09D2C8A639FD6 /* [CP] Copy Pods Resources */,
			);
			buildRules = (
			);
			dependencies = (
			);
			name = CUCollectionViewTest1;
			productName = CUCollectionViewTest1;
			productReference = BADB295C1F861495007F8851 /* CUCollectionViewTest1.app */;
			productType = "com.apple.product-type.application";
		};
/* End PBXNativeTarget section */

/* Begin PBXProject section */
		BADB29541F861494007F8851 /* Project object */ = {
			isa = PBXProject;
			attributes = {
				LastSwiftUpdateCheck = 0830;
				LastUpgradeCheck = 0900;
				ORGANIZATIONNAME = Fractal;
				TargetAttributes = {
					BADB295B1F861495007F8851 = {
						CreatedOnToolsVersion = 8.3.1;
						DevelopmentTeam = FX9836WZQL;
						ProvisioningStyle = Automatic;
					};
				};
			};
			buildConfigurationList = BADB29571F861494007F8851 /* Build configuration list for PBXProject "CUCollectionViewTest1" */;
			compatibilityVersion = "Xcode 3.2";
			developmentRegion = English;
			hasScannedForEncodings = 0;
			knownRegions = (
				en,
				Base,
			);
			mainGroup = BADB29531F861494007F8851;
			productRefGroup = BADB295D1F861495007F8851 /* Products */;
			projectDirPath = "";
			projectRoot = "";
			targets = (
				BADB295B1F861495007F8851 /* CUCollectionViewTest1 */,
			);
		};
/* End PBXProject section */

/* Begin PBXResourcesBuildPhase section */
		BADB295A1F861495007F8851 /* Resources */ = {
			isa = PBXResourcesBuildPhase;
			buildActionMask = 2147483647;
			files = (
				BA6A65B51F8CE75A00E0D54E /* PacketDecorationView.xib in Resources */,
				BADB29811F861644007F8851 /* WidgetCollectionViewCell.xib in Resources */,
				BADB296A1F861495007F8851 /* LaunchScreen.storyboard in Resources */,
				BADB29671F861495007F8851 /* Assets.xcassets in Resources */,
				BADB29651F861495007F8851 /* Main.storyboard in Resources */,
				BADB29771F8615E0007F8851 /* data1.json in Resources */,
				BA6A65B11F8CC87A00E0D54E /* PacketSectionView.xib in Resources */,
				BADB29761F8615E0007F8851 /* data.json in Resources */,
				BADB29941F86264F007F8851 /* BotChatCollectionViewCell.xib in Resources */,
				BADB29781F8615E0007F8851 /* layout.json in Resources */,
				BADB29791F8615E0007F8851 /* layout1.json in Resources */,
				BADB29981F86265E007F8851 /* UserChatCollectionViewCell.xib in Resources */,
			);
			runOnlyForDeploymentPostprocessing = 0;
		};
/* End PBXResourcesBuildPhase section */

/* Begin PBXShellScriptBuildPhase section */
		3F93FF4071A09D2C8A639FD6 /* [CP] Copy Pods Resources */ = {
			isa = PBXShellScriptBuildPhase;
			buildActionMask = 2147483647;
			files = (
			);
			inputPaths = (
			);
			name = "[CP] Copy Pods Resources";
			outputPaths = (
			);
			runOnlyForDeploymentPostprocessing = 0;
			shellPath = /bin/sh;
			shellScript = "\"${SRCROOT}/Pods/Target Support Files/Pods-CUCollectionViewTest1/Pods-CUCollectionViewTest1-resources.sh\"\n";
			showEnvVarsInLog = 0;
		};
		8B84C5B6A7AA21D6A671E91C /* [CP] Check Pods Manifest.lock */ = {
			isa = PBXShellScriptBuildPhase;
			buildActionMask = 2147483647;
			files = (
			);
			inputPaths = (
			);
			name = "[CP] Check Pods Manifest.lock";
			outputPaths = (
			);
			runOnlyForDeploymentPostprocessing = 0;
			shellPath = /bin/sh;
			shellScript = "diff \"${PODS_ROOT}/../Podfile.lock\" \"${PODS_ROOT}/Manifest.lock\" > /dev/null\nif [ $? != 0 ] ; then\n    # print error to STDERR\n    echo \"error: The sandbox is not in sync with the Podfile.lock. Run 'pod install' or update your CocoaPods installation.\" >&2\n    exit 1\nfi\n";
			showEnvVarsInLog = 0;
		};
		E45EA43E10A86C0C6FE0623E /* [CP] Embed Pods Frameworks */ = {
			isa = PBXShellScriptBuildPhase;
			buildActionMask = 2147483647;
			files = (
			);
			inputPaths = (
			);
			name = "[CP] Embed Pods Frameworks";
			outputPaths = (
			);
			runOnlyForDeploymentPostprocessing = 0;
			shellPath = /bin/sh;
			shellScript = "\"${SRCROOT}/Pods/Target Support Files/Pods-CUCollectionViewTest1/Pods-CUCollectionViewTest1-frameworks.sh\"\n";
			showEnvVarsInLog = 0;
		};
/* End PBXShellScriptBuildPhase section */

/* Begin PBXSourcesBuildPhase section */
		BADB29581F861495007F8851 /* Sources */ = {
			isa = PBXSourcesBuildPhase;
			buildActionMask = 2147483647;
			files = (
				BADB298B1F86184D007F8851 /* DataStore.swift in Sources */,
				BADB29801F861644007F8851 /* WidgetCollectionViewCell.swift in Sources */,
				BA6A65B41F8CE75A00E0D54E /* PacketDecorationView.swift in Sources */,
				BA42008A1F8BB79D00D6FED6 /* CustomAlignedCellFlowLayout.swift in Sources */,
				BADB29881F8616A1007F8851 /* WidgetData.swift in Sources */,
				BADB297C1F86160F007F8851 /* FileReader.swift in Sources */,
				BADB299A1F8626FB007F8851 /* CollectionViewDelegate.swift in Sources */,
				BA6A65B01F8CC87A00E0D54E /* PacketSectionView.swift in Sources */,
				BADB29971F86265E007F8851 /* UserChatCollectionViewCell.swift in Sources */,
				BADB29621F861495007F8851 /* ViewController.swift in Sources */,
				BADB29861F861696007F8851 /* layout.swift in Sources */,
				BADB29931F86264F007F8851 /* BotChatCollectionViewCell.swift in Sources */,
				BADB29601F861495007F8851 /* AppDelegate.swift in Sources */,
			);
			runOnlyForDeploymentPostprocessing = 0;
		};
/* End PBXSourcesBuildPhase section */

/* Begin PBXVariantGroup section */
		BADB29631F861495007F8851 /* Main.storyboard */ = {
			isa = PBXVariantGroup;
			children = (
				BADB29641F861495007F8851 /* Base */,
			);
			name = Main.storyboard;
			sourceTree = "<group>";
		};
		BADB29681F861495007F8851 /* LaunchScreen.storyboard */ = {
			isa = PBXVariantGroup;
			children = (
				BADB29691F861495007F8851 /* Base */,
			);
			name = LaunchScreen.storyboard;
			sourceTree = "<group>";
		};
/* End PBXVariantGroup section */

/* Begin XCBuildConfiguration section */
		BADB296C1F861495007F8851 /* Debug */ = {
			isa = XCBuildConfiguration;
			buildSettings = {
				ALWAYS_SEARCH_USER_PATHS = NO;
				CLANG_ANALYZER_NONNULL = YES;
				CLANG_ANALYZER_NUMBER_OBJECT_CONVERSION = YES_AGGRESSIVE;
				CLANG_CXX_LANGUAGE_STANDARD = "gnu++0x";
				CLANG_CXX_LIBRARY = "libc++";
				CLANG_ENABLE_MODULES = YES;
				CLANG_ENABLE_OBJC_ARC = YES;
				CLANG_WARN_BLOCK_CAPTURE_AUTORELEASING = YES;
				CLANG_WARN_BOOL_CONVERSION = YES;
				CLANG_WARN_COMMA = YES;
				CLANG_WARN_CONSTANT_CONVERSION = YES;
				CLANG_WARN_DIRECT_OBJC_ISA_USAGE = YES_ERROR;
				CLANG_WARN_DOCUMENTATION_COMMENTS = YES;
				CLANG_WARN_EMPTY_BODY = YES;
				CLANG_WARN_ENUM_CONVERSION = YES;
				CLANG_WARN_INFINITE_RECURSION = YES;
				CLANG_WARN_INT_CONVERSION = YES;
				CLANG_WARN_NON_LITERAL_NULL_CONVERSION = YES;
				CLANG_WARN_OBJC_LITERAL_CONVERSION = YES;
				CLANG_WARN_OBJC_ROOT_CLASS = YES_ERROR;
				CLANG_WARN_RANGE_LOOP_ANALYSIS = YES;
				CLANG_WARN_STRICT_PROTOTYPES = YES;
				CLANG_WARN_SUSPICIOUS_MOVE = YES;
				CLANG_WARN_UNREACHABLE_CODE = YES;
				CLANG_WARN__DUPLICATE_METHOD_MATCH = YES;
				"CODE_SIGN_IDENTITY[sdk=iphoneos*]" = "iPhone Developer";
				COPY_PHASE_STRIP = NO;
				DEBUG_INFORMATION_FORMAT = dwarf;
				ENABLE_STRICT_OBJC_MSGSEND = YES;
				ENABLE_TESTABILITY = YES;
				GCC_C_LANGUAGE_STANDARD = gnu99;
				GCC_DYNAMIC_NO_PIC = NO;
				GCC_NO_COMMON_BLOCKS = YES;
				GCC_OPTIMIZATION_LEVEL = 0;
				GCC_PREPROCESSOR_DEFINITIONS = (
					"DEBUG=1",
					"$(inherited)",
				);
				GCC_WARN_64_TO_32_BIT_CONVERSION = YES;
				GCC_WARN_ABOUT_RETURN_TYPE = YES_ERROR;
				GCC_WARN_UNDECLARED_SELECTOR = YES;
				GCC_WARN_UNINITIALIZED_AUTOS = YES_AGGRESSIVE;
				GCC_WARN_UNUSED_FUNCTION = YES;
				GCC_WARN_UNUSED_VARIABLE = YES;
				IPHONEOS_DEPLOYMENT_TARGET = 10.3;
				MTL_ENABLE_DEBUG_INFO = YES;
				ONLY_ACTIVE_ARCH = YES;
				SDKROOT = iphoneos;
				SWIFT_ACTIVE_COMPILATION_CONDITIONS = DEBUG;
				SWIFT_OPTIMIZATION_LEVEL = "-Onone";
				SWIFT_VERSION = 4.0;
				TARGETED_DEVICE_FAMILY = "1,2";
			};
			name = Debug;
		};
		BADB296D1F861495007F8851 /* Release */ = {
			isa = XCBuildConfiguration;
			buildSettings = {
				ALWAYS_SEARCH_USER_PATHS = NO;
				CLANG_ANALYZER_NONNULL = YES;
				CLANG_ANALYZER_NUMBER_OBJECT_CONVERSION = YES_AGGRESSIVE;
				CLANG_CXX_LANGUAGE_STANDARD = "gnu++0x";
				CLANG_CXX_LIBRARY = "libc++";
				CLANG_ENABLE_MODULES = YES;
				CLANG_ENABLE_OBJC_ARC = YES;
				CLANG_WARN_BLOCK_CAPTURE_AUTORELEASING = YES;
				CLANG_WARN_BOOL_CONVERSION = YES;
				CLANG_WARN_COMMA = YES;
				CLANG_WARN_CONSTANT_CONVERSION = YES;
				CLANG_WARN_DIRECT_OBJC_ISA_USAGE = YES_ERROR;
				CLANG_WARN_DOCUMENTATION_COMMENTS = YES;
				CLANG_WARN_EMPTY_BODY = YES;
				CLANG_WARN_ENUM_CONVERSION = YES;
				CLANG_WARN_INFINITE_RECURSION = YES;
				CLANG_WARN_INT_CONVERSION = YES;
				CLANG_WARN_NON_LITERAL_NULL_CONVERSION = YES;
				CLANG_WARN_OBJC_LITERAL_CONVERSION = YES;
				CLANG_WARN_OBJC_ROOT_CLASS = YES_ERROR;
				CLANG_WARN_RANGE_LOOP_ANALYSIS = YES;
				CLANG_WARN_STRICT_PROTOTYPES = YES;
				CLANG_WARN_SUSPICIOUS_MOVE = YES;
				CLANG_WARN_UNREACHABLE_CODE = YES;
				CLANG_WARN__DUPLICATE_METHOD_MATCH = YES;
				"CODE_SIGN_IDENTITY[sdk=iphoneos*]" = "iPhone Developer";
				COPY_PHASE_STRIP = NO;
				DEBUG_INFORMATION_FORMAT = "dwarf-with-dsym";
				ENABLE_NS_ASSERTIONS = NO;
				ENABLE_STRICT_OBJC_MSGSEND = YES;
				GCC_C_LANGUAGE_STANDARD = gnu99;
				GCC_NO_COMMON_BLOCKS = YES;
				GCC_WARN_64_TO_32_BIT_CONVERSION = YES;
				GCC_WARN_ABOUT_RETURN_TYPE = YES_ERROR;
				GCC_WARN_UNDECLARED_SELECTOR = YES;
				GCC_WARN_UNINITIALIZED_AUTOS = YES_AGGRESSIVE;
				GCC_WARN_UNUSED_FUNCTION = YES;
				GCC_WARN_UNUSED_VARIABLE = YES;
				IPHONEOS_DEPLOYMENT_TARGET = 10.3;
				MTL_ENABLE_DEBUG_INFO = NO;
				SDKROOT = iphoneos;
				SWIFT_OPTIMIZATION_LEVEL = "-Owholemodule";
				SWIFT_VERSION = 4.0;
				TARGETED_DEVICE_FAMILY = "1,2";
				VALIDATE_PRODUCT = YES;
			};
			name = Release;
		};
		BADB296F1F861495007F8851 /* Debug */ = {
			isa = XCBuildConfiguration;
			baseConfigurationReference = 6E1FCF508F79299529082E7F /* Pods-CUCollectionViewTest1.debug.xcconfig */;
			buildSettings = {
				ASSETCATALOG_COMPILER_APPICON_NAME = AppIcon;
				DEVELOPMENT_TEAM = FX9836WZQL;
				INFOPLIST_FILE = CUCollectionViewTest1/Info.plist;
				LD_RUNPATH_SEARCH_PATHS = "$(inherited) @executable_path/Frameworks";
				PRODUCT_BUNDLE_IDENTIFIER = Fractal.CUCollectionViewTest1;
				PRODUCT_NAME = "$(TARGET_NAME)";
				SWIFT_VERSION = 4.0;
			};
			name = Debug;
		};
		BADB29701F861495007F8851 /* Release */ = {
			isa = XCBuildConfiguration;
			baseConfigurationReference = 6D347C187C6D620A4BC14731 /* Pods-CUCollectionViewTest1.release.xcconfig */;
			buildSettings = {
				ASSETCATALOG_COMPILER_APPICON_NAME = AppIcon;
				DEVELOPMENT_TEAM = FX9836WZQL;
				INFOPLIST_FILE = CUCollectionViewTest1/Info.plist;
				LD_RUNPATH_SEARCH_PATHS = "$(inherited) @executable_path/Frameworks";
				PRODUCT_BUNDLE_IDENTIFIER = Fractal.CUCollectionViewTest1;
				PRODUCT_NAME = "$(TARGET_NAME)";
				SWIFT_VERSION = 4.0;
			};
			name = Release;
		};
/* End XCBuildConfiguration section */

/* Begin XCConfigurationList section */
		BADB29571F861494007F8851 /* Build configuration list for PBXProject "CUCollectionViewTest1" */ = {
			isa = XCConfigurationList;
			buildConfigurations = (
				BADB296C1F861495007F8851 /* Debug */,
				BADB296D1F861495007F8851 /* Release */,
			);
			defaultConfigurationIsVisible = 0;
			defaultConfigurationName = Release;
		};
		BADB296E1F861495007F8851 /* Build configuration list for PBXNativeTarget "CUCollectionViewTest1" */ = {
			isa = XCConfigurationList;
			buildConfigurations = (
				BADB296F1F861495007F8851 /* Debug */,
				BADB29701F861495007F8851 /* Release */,
			);
			defaultConfigurationIsVisible = 0;
			defaultConfigurationName = Release;
		};
/* End XCConfigurationList section */
	};
	rootObject = BADB29541F861494007F8851 /* Project object */;
}
